
Microsoft Visual Studio Solution File, Format Version 12.00
# Visual Studio Version 16
VisualStudioVersion = 16.0.31624.102
MinimumVisualStudioVersion = 10.0.40219.1
Project("{9A19103F-16F7-4668-BE54-9A1E7A4F7556}") = "Section2_ex", "ejercicio_seccion_3\Section2_ex.csproj", "{9588B62B-3A65-4DD9-AE2E-4902C75F9826}"
EndProject
Project("{FAE04EC0-301F-11D3-BF4B-00C04F79EFBC}") = "Section3_ex1", "Section3_ex1\Section3_ex1.csproj", "{EF1AC24B-C44F-49E4-B53F-ED15623E6EBC}"
EndProject
Project("{FAE04EC0-301F-11D3-BF4B-00C04F79EFBC}") = "Section3_ex2", "Section3_ex2\Section3_ex2.csproj", "{A09CCFFF-363F-49B9-8EB5-26ADCAA0963A}"
EndProject
Project("{FAE04EC0-301F-11D3-BF4B-00C04F79EFBC}") = "Section3_ex3", "Section3_ex3\Section3_ex3.csproj", "{5F2E6843-7B9E-4E76-B331-2561D6793A6F}"
EndProject
Project("{FAE04EC0-301F-11D3-BF4B-00C04F79EFBC}") = "Section3_ex4", "Section3_ex4\Section3_ex4.csproj", "{8ECDDFEF-D470-447C-8031-6C9E1B664840}"
EndProject
Project("{FAE04EC0-301F-11D3-BF4B-00C04F79EFBC}") = "Section3_ex5", "Section3_ex5\Section3_ex5.csproj", "{962092C3-2CBF-40F9-A573-6F508035710A}"
EndProject
Project("{FAE04EC0-301F-11D3-BF4B-00C04F79EFBC}") = "Section3_ex6", "Section3_ex6\Section3_ex6.csproj", "{FF8C9F4D-5908-4E47-9D11-2929A4DB4E92}"
EndProject
Project("{FAE04EC0-301F-11D3-BF4B-00C04F79EFBC}") = "Section3_ex7", "Sectopm3_ex7\Section3_ex7.csproj", "{F1E7BDC1-3021-49D1-A19D-7D07E7688D88}"
EndProject
Project("{FAE04EC0-301F-11D3-BF4B-00C04F79EFBC}") = "Section3_ex8", "Section3_ex8\Section3_ex8.csproj", "{55D86515-E75E-4179-8F24-1359A0C66535}"
EndProject
Global
	GlobalSection(SolutionConfigurationPlatforms) = preSolution
		Debug|Any CPU = Debug|Any CPU
		Release|Any CPU = Release|Any CPU
	EndGlobalSection
	GlobalSection(ProjectConfigurationPlatforms) = postSolution
		{9588B62B-3A65-4DD9-AE2E-4902C75F9826}.Debug|Any CPU.ActiveCfg = Debug|Any CPU
		{9588B62B-3A65-4DD9-AE2E-4902C75F9826}.Debug|Any CPU.Build.0 = Debug|Any CPU
		{9588B62B-3A65-4DD9-AE2E-4902C75F9826}.Release|Any CPU.ActiveCfg = Release|Any CPU
		{9588B62B-3A65-4DD9-AE2E-4902C75F9826}.Release|Any CPU.Build.0 = Release|Any CPU
		{EF1AC24B-C44F-49E4-B53F-ED15623E6EBC}.Debug|Any CPU.ActiveCfg = Debug|Any CPU
		{EF1AC24B-C44F-49E4-B53F-ED15623E6EBC}.Debug|Any CPU.Build.0 = Debug|Any CPU
		{EF1AC24B-C44F-49E4-B53F-ED15623E6EBC}.Release|Any CPU.ActiveCfg = Release|Any CPU
		{EF1AC24B-C44F-49E4-B53F-ED15623E6EBC}.Release|Any CPU.Build.0 = Release|Any CPU
		{A09CCFFF-363F-49B9-8EB5-26ADCAA0963A}.Debug|Any CPU.ActiveCfg = Debug|Any CPU
		{A09CCFFF-363F-49B9-8EB5-26ADCAA0963A}.Debug|Any CPU.Build.0 = Debug|Any CPU
		{A09CCFFF-363F-49B9-8EB5-26ADCAA0963A}.Release|Any CPU.ActiveCfg = Release|Any CPU
		{A09CCFFF-363F-49B9-8EB5-26ADCAA0963A}.Release|Any CPU.Build.0 = Release|Any CPU
		{5F2E6843-7B9E-4E76-B331-2561D6793A6F}.Debug|Any CPU.ActiveCfg = Debug|Any CPU
		{5F2E6843-7B9E-4E76-B331-2561D6793A6F}.Debug|Any CPU.Build.0 = Debug|Any CPU
		{5F2E6843-7B9E-4E76-B331-2561D6793A6F}.Release|Any CPU.ActiveCfg = Release|Any CPU
		{5F2E6843-7B9E-4E76-B331-2561D6793A6F}.Release|Any CPU.Build.0 = Release|Any CPU
		{8ECDDFEF-D470-447C-8031-6C9E1B664840}.Debug|Any CPU.ActiveCfg = Debug|Any CPU
		{8ECDDFEF-D470-447C-8031-6C9E1B664840}.Debug|Any CPU.Build.0 = Debug|Any CPU
		{8ECDDFEF-D470-447C-8031-6C9E1B664840}.Release|Any CPU.ActiveCfg = Release|Any CPU
		{8ECDDFEF-D470-447C-8031-6C9E1B664840}.Release|Any CPU.Build.0 = Release|Any CPU
		{962092C3-2CBF-40F9-A573-6F508035710A}.Debug|Any CPU.ActiveCfg = Debug|Any CPU
		{962092C3-2CBF-40F9-A573-6F508035710A}.Debug|Any CPU.Build.0 = Debug|Any CPU
		{962092C3-2CBF-40F9-A573-6F508035710A}.Release|Any CPU.ActiveCfg = Release|Any CPU
		{962092C3-2CBF-40F9-A573-6F508035710A}.Release|Any CPU.Build.0 = Release|Any CPU
		{FF8C9F4D-5908-4E47-9D11-2929A4DB4E92}.Debug|Any CPU.ActiveCfg = Debug|Any CPU
		{FF8C9F4D-5908-4E47-9D11-2929A4DB4E92}.Debug|Any CPU.Build.0 = Debug|Any CPU
		{FF8C9F4D-5908-4E47-9D11-2929A4DB4E92}.Release|Any CPU.ActiveCfg = Release|Any CPU
		{FF8C9F4D-5908-4E47-9D11-2929A4DB4E92}.Release|Any CPU.Build.0 = Release|Any CPU
		{F1E7BDC1-3021-49D1-A19D-7D07E7688D88}.Debug|Any CPU.ActiveCfg = Debug|Any CPU
		{F1E7BDC1-3021-49D1-A19D-7D07E7688D88}.Debug|Any CPU.Build.0 = Debug|Any CPU
		{F1E7BDC1-3021-49D1-A19D-7D07E7688D88}.Release|Any CPU.ActiveCfg = Release|Any CPU
		{F1E7BDC1-3021-49D1-A19D-7D07E7688D88}.Release|Any CPU.Build.0 = Release|Any CPU
		{55D86515-E75E-4179-8F24-1359A0C66535}.Debug|Any CPU.ActiveCfg = Debug|Any CPU
		{55D86515-E75E-4179-8F24-1359A0C66535}.Debug|Any CPU.Build.0 = Debug|Any CPU
		{55D86515-E75E-4179-8F24-1359A0C66535}.Release|Any CPU.ActiveCfg = Release|Any CPU
		{55D86515-E75E-4179-8F24-1359A0C66535}.Release|Any CPU.Build.0 = Release|Any CPU
	EndGlobalSection
	GlobalSection(SolutionProperties) = preSolution
		HideSolutionNode = FALSE
	EndGlobalSection
	GlobalSection(ExtensibilityGlobals) = postSolution
		SolutionGuid = {1A9B9ED7-EDD9-4723-8ACE-E2C5295438F2}
	EndGlobalSection
EndGlobal
